
Microsoft Visual Studio Solution File, Format Version 12.00
# Visual Studio Version 17
VisualStudioVersion = 17.6.33723.286
MinimumVisualStudioVersion = 10.0.40219.1
Project("{FAE04EC0-301F-11D3-BF4B-00C04F79EFBC}") = "Daily_Report.Android", "Daily_Report\Daily_Report.Android\Daily_Report.Android.csproj", "{1D87D52F-BC33-46BA-8547-D1D520123037}"
EndProject
Project("{FAE04EC0-301F-11D3-BF4B-00C04F79EFBC}") = "Daily_Report", "Daily_Report\Daily_Report\Daily_Report.csproj", "{AABA188E-B07E-4A8C-8918-B34708B0D451}"
EndProject
Global
	GlobalSection(SolutionConfigurationPlatforms) = preSolution
		Debug|Any CPU = Debug|Any CPU
		Release|Any CPU = Release|Any CPU
	EndGlobalSection
	GlobalSection(ProjectConfigurationPlatforms) = postSolution
		{1D87D52F-BC33-46BA-8547-D1D520123037}.Debug|Any CPU.ActiveCfg = Debug|Any CPU
		{1D87D52F-BC33-46BA-8547-D1D520123037}.Debug|Any CPU.Build.0 = Debug|Any CPU
		{1D87D52F-BC33-46BA-8547-D1D520123037}.Debug|Any CPU.Deploy.0 = Debug|Any CPU
		{1D87D52F-BC33-46BA-8547-D1D520123037}.Release|Any CPU.ActiveCfg = Release|Any CPU
		{1D87D52F-BC33-46BA-8547-D1D520123037}.Release|Any CPU.Build.0 = Release|Any CPU
		{1D87D52F-BC33-46BA-8547-D1D520123037}.Release|Any CPU.Deploy.0 = Release|Any CPU
		{AABA188E-B07E-4A8C-8918-B34708B0D451}.Debug|Any CPU.ActiveCfg = Debug|Any CPU
		{AABA188E-B07E-4A8C-8918-B34708B0D451}.Debug|Any CPU.Build.0 = Debug|Any CPU
		{AABA188E-B07E-4A8C-8918-B34708B0D451}.Debug|Any CPU.Deploy.0 = Debug|Any CPU
		{AABA188E-B07E-4A8C-8918-B34708B0D451}.Release|Any CPU.ActiveCfg = Release|Any CPU
		{AABA188E-B07E-4A8C-8918-B34708B0D451}.Release|Any CPU.Build.0 = Release|Any CPU
		{AABA188E-B07E-4A8C-8918-B34708B0D451}.Release|Any CPU.Deploy.0 = Release|Any CPU
	EndGlobalSection
	GlobalSection(SolutionProperties) = preSolution
		HideSolutionNode = FALSE
	EndGlobalSection
	GlobalSection(ExtensibilityGlobals) = postSolution
		SolutionGuid = {4ADB8C41-CE4F-415A-B633-58DB96A5DC0B}
	EndGlobalSection
EndGlobal
